// !$*UTF8*$!
{
	archiveVersion = 1;
	classes = {
	};
	objectVersion = 55;
	objects = {

/* Begin PBXBuildFile section */
		3CE76C7A283CC6F500DA3743 /* war_challengeApp.swift in Sources */ = {isa = PBXBuildFile; fileRef = 3CE76C79283CC6F500DA3743 /* war_challengeApp.swift */; };
		3CE76C7C283CC6F500DA3743 /* HigherLower.swift in Sources */ = {isa = PBXBuildFile; fileRef = 3CE76C7B283CC6F500DA3743 /* HigherLower.swift */; };
		3CE76C7E283CC6F500DA3743 /* Assets.xcassets in Resources */ = {isa = PBXBuildFile; fileRef = 3CE76C7D283CC6F500DA3743 /* Assets.xcassets */; };
		3CE76C81283CC6F500DA3743 /* Preview Assets.xcassets in Resources */ = {isa = PBXBuildFile; fileRef = 3CE76C80283CC6F500DA3743 /* Preview Assets.xcassets */; };
		3CE76C8B283CC6F500DA3743 /* war_challengeTests.swift in Sources */ = {isa = PBXBuildFile; fileRef = 3CE76C8A283CC6F500DA3743 /* war_challengeTests.swift */; };
		3CE76C95283CC6F500DA3743 /* war_challengeUITests.swift in Sources */ = {isa = PBXBuildFile; fileRef = 3CE76C94283CC6F500DA3743 /* war_challengeUITests.swift */; };
		3CE76C97283CC6F500DA3743 /* war_challengeUITestsLaunchTests.swift in Sources */ = {isa = PBXBuildFile; fileRef = 3CE76C96283CC6F500DA3743 /* war_challengeUITestsLaunchTests.swift */; };
		3CE76CBE283CE5C600DA3743 /* Home.swift in Sources */ = {isa = PBXBuildFile; fileRef = 3CE76CBD283CE5C600DA3743 /* Home.swift */; };
		3CE76CC1283CECCC00DA3743 /* Slots.swift in Sources */ = {isa = PBXBuildFile; fileRef = 3CE76CC0283CECCC00DA3743 /* Slots.swift */; };
/* End PBXBuildFile section */

/* Begin PBXContainerItemProxy section */
		3CE76C87283CC6F500DA3743 /* PBXContainerItemProxy */ = {
			isa = PBXContainerItemProxy;
			containerPortal = 3CE76C6E283CC6F400DA3743 /* Project object */;
			proxyType = 1;
			remoteGlobalIDString = 3CE76C75283CC6F500DA3743;
			remoteInfo = "war-challenge";
		};
		3CE76C91283CC6F500DA3743 /* PBXContainerItemProxy */ = {
			isa = PBXContainerItemProxy;
			containerPortal = 3CE76C6E283CC6F400DA3743 /* Project object */;
			proxyType = 1;
			remoteGlobalIDString = 3CE76C75283CC6F500DA3743;
			remoteInfo = "war-challenge";
		};
/* End PBXContainerItemProxy section */

/* Begin PBXFileReference section */
		3CE76C76283CC6F500DA3743 /* war-challenge.app */ = {isa = PBXFileReference; explicitFileType = wrapper.application; includeInIndex = 0; path = "war-challenge.app"; sourceTree = BUILT_PRODUCTS_DIR; };
		3CE76C79283CC6F500DA3743 /* war_challengeApp.swift */ = {isa = PBXFileReference; lastKnownFileType = sourcecode.swift; path = war_challengeApp.swift; sourceTree = "<group>"; };
		3CE76C7B283CC6F500DA3743 /* HigherLower.swift */ = {isa = PBXFileReference; lastKnownFileType = sourcecode.swift; path = HigherLower.swift; sourceTree = "<group>"; };
		3CE76C7D283CC6F500DA3743 /* Assets.xcassets */ = {isa = PBXFileReference; lastKnownFileType = folder.assetcatalog; path = Assets.xcassets; sourceTree = "<group>"; };
		3CE76C80283CC6F500DA3743 /* Preview Assets.xcassets */ = {isa = PBXFileReference; lastKnownFileType = folder.assetcatalog; path = "Preview Assets.xcassets"; sourceTree = "<group>"; };
		3CE76C86283CC6F500DA3743 /* war-challengeTests.xctest */ = {isa = PBXFileReference; explicitFileType = wrapper.cfbundle; includeInIndex = 0; path = "war-challengeTests.xctest"; sourceTree = BUILT_PRODUCTS_DIR; };
		3CE76C8A283CC6F500DA3743 /* war_challengeTests.swift */ = {isa = PBXFileReference; lastKnownFileType = sourcecode.swift; path = war_challengeTests.swift; sourceTree = "<group>"; };
		3CE76C90283CC6F500DA3743 /* war-challengeUITests.xctest */ = {isa = PBXFileReference; explicitFileType = wrapper.cfbundle; includeInIndex = 0; path = "war-challengeUITests.xctest"; sourceTree = BUILT_PRODUCTS_DIR; };
		3CE76C94283CC6F500DA3743 /* war_challengeUITests.swift */ = {isa = PBXFileReference; lastKnownFileType = sourcecode.swift; path = war_challengeUITests.swift; sourceTree = "<group>"; };
		3CE76C96283CC6F500DA3743 /* war_challengeUITestsLaunchTests.swift */ = {isa = PBXFileReference; lastKnownFileType = sourcecode.swift; path = war_challengeUITestsLaunchTests.swift; sourceTree = "<group>"; };
		3CE76CBD283CE5C600DA3743 /* Home.swift */ = {isa = PBXFileReference; lastKnownFileType = sourcecode.swift; path = Home.swift; sourceTree = "<group>"; };
		3CE76CC0283CECCC00DA3743 /* Slots.swift */ = {isa = PBXFileReference; lastKnownFileType = sourcecode.swift; path = Slots.swift; sourceTree = "<group>"; };
/* End PBXFileReference section */

/* Begin PBXFrameworksBuildPhase section */
		3CE76C73283CC6F500DA3743 /* Frameworks */ = {
			isa = PBXFrameworksBuildPhase;
			buildActionMask = 2147483647;
			files = (
			);
			runOnlyForDeploymentPostprocessing = 0;
		};
		3CE76C83283CC6F500DA3743 /* Frameworks */ = {
			isa = PBXFrameworksBuildPhase;
			buildActionMask = 2147483647;
			files = (
			);
			runOnlyForDeploymentPostprocessing = 0;
		};
		3CE76C8D283CC6F500DA3743 /* Frameworks */ = {
			isa = PBXFrameworksBuildPhase;
			buildActionMask = 2147483647;
			files = (
			);
			runOnlyForDeploymentPostprocessing = 0;
		};
/* End PBXFrameworksBuildPhase section */

/* Begin PBXGroup section */
		3CE76C6D283CC6F400DA3743 = {
			isa = PBXGroup;
			children = (
				3CE76C78283CC6F500DA3743 /* war-challenge */,
				3CE76C89283CC6F500DA3743 /* war-challengeTests */,
				3CE76C93283CC6F500DA3743 /* war-challengeUITests */,
				3CE76C77283CC6F500DA3743 /* Products */,
			);
			sourceTree = "<group>";
		};
		3CE76C77283CC6F500DA3743 /* Products */ = {
			isa = PBXGroup;
			children = (
				3CE76C76283CC6F500DA3743 /* war-challenge.app */,
				3CE76C86283CC6F500DA3743 /* war-challengeTests.xctest */,
				3CE76C90283CC6F500DA3743 /* war-challengeUITests.xctest */,
			);
			name = Products;
			sourceTree = "<group>";
		};
		3CE76C78283CC6F500DA3743 /* war-challenge */ = {
			isa = PBXGroup;
			children = (
				3CE76CBF283CEC3100DA3743 /* Views */,
				3CE76C79283CC6F500DA3743 /* war_challengeApp.swift */,
				3CE76C7D283CC6F500DA3743 /* Assets.xcassets */,
				3CE76C7F283CC6F500DA3743 /* Preview Content */,
			);
			path = "war-challenge";
			sourceTree = "<group>";
		};
		3CE76C7F283CC6F500DA3743 /* Preview Content */ = {
			isa = PBXGroup;
			children = (
				3CE76C80283CC6F500DA3743 /* Preview Assets.xcassets */,
			);
			path = "Preview Content";
			sourceTree = "<group>";
		};
		3CE76C89283CC6F500DA3743 /* war-challengeTests */ = {
			isa = PBXGroup;
			children = (
				3CE76C8A283CC6F500DA3743 /* war_challengeTests.swift */,
			);
			path = "war-challengeTests";
			sourceTree = "<group>";
		};
		3CE76C93283CC6F500DA3743 /* war-challengeUITests */ = {
			isa = PBXGroup;
			children = (
				3CE76C94283CC6F500DA3743 /* war_challengeUITests.swift */,
				3CE76C96283CC6F500DA3743 /* war_challengeUITestsLaunchTests.swift */,
			);
			path = "war-challengeUITests";
			sourceTree = "<group>";
		};
		3CE76CBF283CEC3100DA3743 /* Views */ = {
			isa = PBXGroup;
			children = (
				3CE76C7B283CC6F500DA3743 /* HigherLower.swift */,
				3CE76CBD283CE5C600DA3743 /* Home.swift */,
				3CE76CC0283CECCC00DA3743 /* Slots.swift */,
			);
			path = Views;
			sourceTree = "<group>";
		};
/* End PBXGroup section */

/* Begin PBXNativeTarget section */
		3CE76C75283CC6F500DA3743 /* war-challenge */ = {
			isa = PBXNativeTarget;
			buildConfigurationList = 3CE76C9A283CC6F500DA3743 /* Build configuration list for PBXNativeTarget "war-challenge" */;
			buildPhases = (
				3CE76C72283CC6F500DA3743 /* Sources */,
				3CE76C73283CC6F500DA3743 /* Frameworks */,
				3CE76C74283CC6F500DA3743 /* Resources */,
			);
			buildRules = (
			);
			dependencies = (
			);
			name = "war-challenge";
			productName = "war-challenge";
			productReference = 3CE76C76283CC6F500DA3743 /* war-challenge.app */;
			productType = "com.apple.product-type.application";
		};
		3CE76C85283CC6F500DA3743 /* war-challengeTests */ = {
			isa = PBXNativeTarget;
			buildConfigurationList = 3CE76C9D283CC6F500DA3743 /* Build configuration list for PBXNativeTarget "war-challengeTests" */;
			buildPhases = (
				3CE76C82283CC6F500DA3743 /* Sources */,
				3CE76C83283CC6F500DA3743 /* Frameworks */,
				3CE76C84283CC6F500DA3743 /* Resources */,
			);
			buildRules = (
			);
			dependencies = (
				3CE76C88283CC6F500DA3743 /* PBXTargetDependency */,
			);
			name = "war-challengeTests";
			productName = "war-challengeTests";
			productReference = 3CE76C86283CC6F500DA3743 /* war-challengeTests.xctest */;
			productType = "com.apple.product-type.bundle.unit-test";
		};
		3CE76C8F283CC6F500DA3743 /* war-challengeUITests */ = {
			isa = PBXNativeTarget;
			buildConfigurationList = 3CE76CA0283CC6F500DA3743 /* Build configuration list for PBXNativeTarget "war-challengeUITests" */;
			buildPhases = (
				3CE76C8C283CC6F500DA3743 /* Sources */,
				3CE76C8D283CC6F500DA3743 /* Frameworks */,
				3CE76C8E283CC6F500DA3743 /* Resources */,
			);
			buildRules = (
			);
			dependencies = (
				3CE76C92283CC6F500DA3743 /* PBXTargetDependency */,
			);
			name = "war-challengeUITests";
			productName = "war-challengeUITests";
			productReference = 3CE76C90283CC6F500DA3743 /* war-challengeUITests.xctest */;
			productType = "com.apple.product-type.bundle.ui-testing";
		};
/* End PBXNativeTarget section */

/* Begin PBXProject section */
		3CE76C6E283CC6F400DA3743 /* Project object */ = {
			isa = PBXProject;
			attributes = {
				BuildIndependentTargetsInParallel = 1;
				LastSwiftUpdateCheck = 1330;
				LastUpgradeCheck = 1330;
				TargetAttributes = {
					3CE76C75283CC6F500DA3743 = {
						CreatedOnToolsVersion = 13.3;
					};
					3CE76C85283CC6F500DA3743 = {
						CreatedOnToolsVersion = 13.3;
						TestTargetID = 3CE76C75283CC6F500DA3743;
					};
					3CE76C8F283CC6F500DA3743 = {
						CreatedOnToolsVersion = 13.3;
						TestTargetID = 3CE76C75283CC6F500DA3743;
					};
				};
			};
			buildConfigurationList = 3CE76C71283CC6F400DA3743 /* Build configuration list for PBXProject "war-challenge" */;
			compatibilityVersion = "Xcode 13.0";
			developmentRegion = en;
			hasScannedForEncodings = 0;
			knownRegions = (
				en,
				Base,
			);
			mainGroup = 3CE76C6D283CC6F400DA3743;
			productRefGroup = 3CE76C77283CC6F500DA3743 /* Products */;
			projectDirPath = "";
			projectRoot = "";
			targets = (
				3CE76C75283CC6F500DA3743 /* war-challenge */,
				3CE76C85283CC6F500DA3743 /* war-challengeTests */,
				3CE76C8F283CC6F500DA3743 /* war-challengeUITests */,
			);
		};
/* End PBXProject section */

/* Begin PBXResourcesBuildPhase section */
		3CE76C74283CC6F500DA3743 /* Resources */ = {
			isa = PBXResourcesBuildPhase;
			buildActionMask = 2147483647;
			files = (
				3CE76C81283CC6F500DA3743 /* Preview Assets.xcassets in Resources */,
				3CE76C7E283CC6F500DA3743 /* Assets.xcassets in Resources */,
			);
			runOnlyForDeploymentPostprocessing = 0;
		};
		3CE76C84283CC6F500DA3743 /* Resources */ = {
			isa = PBXResourcesBuildPhase;
			buildActionMask = 2147483647;
			files = (
			);
			runOnlyForDeploymentPostprocessing = 0;
		};
		3CE76C8E283CC6F500DA3743 /* Resources */ = {
			isa = PBXResourcesBuildPhase;
			buildActionMask = 2147483647;
			files = (
			);
			runOnlyForDeploymentPostprocessing = 0;
		};
/* End PBXResourcesBuildPhase section */

/* Begin PBXSourcesBuildPhase section */
		3CE76C72283CC6F500DA3743 /* Sources */ = {
			isa = PBXSourcesBuildPhase;
			buildActionMask = 2147483647;
			files = (
				3CE76C7C283CC6F500DA3743 /* HigherLower.swift in Sources */,
				3CE76CBE283CE5C600DA3743 /* Home.swift in Sources */,
				3CE76C7A283CC6F500DA3743 /* war_challengeApp.swift in Sources */,
				3CE76CC1283CECCC00DA3743 /* Slots.swift in Sources */,
			);
			runOnlyForDeploymentPostprocessing = 0;
		};
		3CE76C82283CC6F500DA3743 /* Sources */ = {
			isa = PBXSourcesBuildPhase;
			buildActionMask = 2147483647;
			files = (
				3CE76C8B283CC6F500DA3743 /* war_challengeTests.swift in Sources */,
			);
			runOnlyForDeploymentPostprocessing = 0;
		};
		3CE76C8C283CC6F500DA3743 /* Sources */ = {
			isa = PBXSourcesBuildPhase;
			buildActionMask = 2147483647;
			files = (
				3CE76C95283CC6F500DA3743 /* war_challengeUITests.swift in Sources */,
				3CE76C97283CC6F500DA3743 /* war_challengeUITestsLaunchTests.swift in Sources */,
			);
			runOnlyForDeploymentPostprocessing = 0;
		};
/* End PBXSourcesBuildPhase section */

/* Begin PBXTargetDependency section */
		3CE76C88283CC6F500DA3743 /* PBXTargetDependency */ = {
			isa = PBXTargetDependency;
			target = 3CE76C75283CC6F500DA3743 /* war-challenge */;
			targetProxy = 3CE76C87283CC6F500DA3743 /* PBXContainerItemProxy */;
		};
		3CE76C92283CC6F500DA3743 /* PBXTargetDependency */ = {
			isa = PBXTargetDependency;
			target = 3CE76C75283CC6F500DA3743 /* war-challenge */;
			targetProxy = 3CE76C91283CC6F500DA3743 /* PBXContainerItemProxy */;
		};
/* End PBXTargetDependency section */

/* Begin XCBuildConfiguration section */
		3CE76C98283CC6F500DA3743 /* Debug */ = {
			isa = XCBuildConfiguration;
			buildSettings = {
				ALWAYS_SEARCH_USER_PATHS = NO;
				CLANG_ANALYZER_NONNULL = YES;
				CLANG_ANALYZER_NUMBER_OBJECT_CONVERSION = YES_AGGRESSIVE;
				CLANG_CXX_LANGUAGE_STANDARD = "gnu++17";
				CLANG_ENABLE_MODULES = YES;
				CLANG_ENABLE_OBJC_ARC = YES;
				CLANG_ENABLE_OBJC_WEAK = YES;
				CLANG_WARN_BLOCK_CAPTURE_AUTORELEASING = YES;
				CLANG_WARN_BOOL_CONVERSION = YES;
				CLANG_WARN_COMMA = YES;
				CLANG_WARN_CONSTANT_CONVERSION = YES;
				CLANG_WARN_DEPRECATED_OBJC_IMPLEMENTATIONS = YES;
				CLANG_WARN_DIRECT_OBJC_ISA_USAGE = YES_ERROR;
				CLANG_WARN_DOCUMENTATION_COMMENTS = YES;
				CLANG_WARN_EMPTY_BODY = YES;
				CLANG_WARN_ENUM_CONVERSION = YES;
				CLANG_WARN_INFINITE_RECURSION = YES;
				CLANG_WARN_INT_CONVERSION = YES;
				CLANG_WARN_NON_LITERAL_NULL_CONVERSION = YES;
				CLANG_WARN_OBJC_IMPLICIT_RETAIN_SELF = YES;
				CLANG_WARN_OBJC_LITERAL_CONVERSION = YES;
				CLANG_WARN_OBJC_ROOT_CLASS = YES_ERROR;
				CLANG_WARN_QUOTED_INCLUDE_IN_FRAMEWORK_HEADER = YES;
				CLANG_WARN_RANGE_LOOP_ANALYSIS = YES;
				CLANG_WARN_STRICT_PROTOTYPES = YES;
				CLANG_WARN_SUSPICIOUS_MOVE = YES;
				CLANG_WARN_UNGUARDED_AVAILABILITY = YES_AGGRESSIVE;
				CLANG_WARN_UNREACHABLE_CODE = YES;
				CLANG_WARN__DUPLICATE_METHOD_MATCH = YES;
				COPY_PHASE_STRIP = NO;
				DEBUG_INFORMATION_FORMAT = dwarf;
				ENABLE_STRICT_OBJC_MSGSEND = YES;
				ENABLE_TESTABILITY = YES;
				GCC_C_LANGUAGE_STANDARD = gnu11;
				GCC_DYNAMIC_NO_PIC = NO;
				GCC_NO_COMMON_BLOCKS = YES;
				GCC_OPTIMIZATION_LEVEL = 0;
				GCC_PREPROCESSOR_DEFINITIONS = (
					"DEBUG=1",
					"$(inherited)",
				);
				GCC_WARN_64_TO_32_BIT_CONVERSION = YES;
				GCC_WARN_ABOUT_RETURN_TYPE = YES_ERROR;
				GCC_WARN_UNDECLARED_SELECTOR = YES;
				GCC_WARN_UNINITIALIZED_AUTOS = YES_AGGRESSIVE;
				GCC_WARN_UNUSED_FUNCTION = YES;
				GCC_WARN_UNUSED_VARIABLE = YES;
				IPHONEOS_DEPLOYMENT_TARGET = 15.4;
				MTL_ENABLE_DEBUG_INFO = INCLUDE_SOURCE;
				MTL_FAST_MATH = YES;
				ONLY_ACTIVE_ARCH = YES;
				SDKROOT = iphoneos;
				SWIFT_ACTIVE_COMPILATION_CONDITIONS = DEBUG;
				SWIFT_OPTIMIZATION_LEVEL = "-Onone";
			};
			name = Debug;
		};
		3CE76C99283CC6F500DA3743 /* Release */ = {
			isa = XCBuildConfiguration;
			buildSettings = {
				ALWAYS_SEARCH_USER_PATHS = NO;
				CLANG_ANALYZER_NONNULL = YES;
				CLANG_ANALYZER_NUMBER_OBJECT_CONVERSION = YES_AGGRESSIVE;
				CLANG_CXX_LANGUAGE_STANDARD = "gnu++17";
				CLANG_ENABLE_MODULES = YES;
				CLANG_ENABLE_OBJC_ARC = YES;
				CLANG_ENABLE_OBJC_WEAK = YES;
				CLANG_WARN_BLOCK_CAPTURE_AUTORELEASING = YES;
				CLANG_WARN_BOOL_CONVERSION = YES;
				CLANG_WARN_COMMA = YES;
				CLANG_WARN_CONSTANT_CONVERSION = YES;
				CLANG_WARN_DEPRECATED_OBJC_IMPLEMENTATIONS = YES;
				CLANG_WARN_DIRECT_OBJC_ISA_USAGE = YES_ERROR;
				CLANG_WARN_DOCUMENTATION_COMMENTS = YES;
				CLANG_WARN_EMPTY_BODY = YES;
				CLANG_WARN_ENUM_CONVERSION = YES;
				CLANG_WARN_INFINITE_RECURSION = YES;
				CLANG_WARN_INT_CONVERSION = YES;
				CLANG_WARN_NON_LITERAL_NULL_CONVERSION = YES;
				CLANG_WARN_OBJC_IMPLICIT_RETAIN_SELF = YES;
				CLANG_WARN_OBJC_LITERAL_CONVERSION = YES;
				CLANG_WARN_OBJC_ROOT_CLASS = YES_ERROR;
				CLANG_WARN_QUOTED_INCLUDE_IN_FRAMEWORK_HEADER = YES;
				CLANG_WARN_RANGE_LOOP_ANALYSIS = YES;
				CLANG_WARN_STRICT_PROTOTYPES = YES;
				CLANG_WARN_SUSPICIOUS_MOVE = YES;
				CLANG_WARN_UNGUARDED_AVAILABILITY = YES_AGGRESSIVE;
				CLANG_WARN_UNREACHABLE_CODE = YES;
				CLANG_WARN__DUPLICATE_METHOD_MATCH = YES;
				COPY_PHASE_STRIP = NO;
				DEBUG_INFORMATION_FORMAT = "dwarf-with-dsym";
				ENABLE_NS_ASSERTIONS = NO;
				ENABLE_STRICT_OBJC_MSGSEND = YES;
				GCC_C_LANGUAGE_STANDARD = gnu11;
				GCC_NO_COMMON_BLOCKS = YES;
				GCC_WARN_64_TO_32_BIT_CONVERSION = YES;
				GCC_WARN_ABOUT_RETURN_TYPE = YES_ERROR;
				GCC_WARN_UNDECLARED_SELECTOR = YES;
				GCC_WARN_UNINITIALIZED_AUTOS = YES_AGGRESSIVE;
				GCC_WARN_UNUSED_FUNCTION = YES;
				GCC_WARN_UNUSED_VARIABLE = YES;
				IPHONEOS_DEPLOYMENT_TARGET = 15.4;
				MTL_ENABLE_DEBUG_INFO = NO;
				MTL_FAST_MATH = YES;
				SDKROOT = iphoneos;
				SWIFT_COMPILATION_MODE = wholemodule;
				SWIFT_OPTIMIZATION_LEVEL = "-O";
				VALIDATE_PRODUCT = YES;
			};
			name = Release;
		};
		3CE76C9B283CC6F500DA3743 /* Debug */ = {
			isa = XCBuildConfiguration;
			buildSettings = {
				ASSETCATALOG_COMPILER_APPICON_NAME = AppIcon;
				ASSETCATALOG_COMPILER_GLOBAL_ACCENT_COLOR_NAME = AccentColor;
				CODE_SIGN_STYLE = Automatic;
				CURRENT_PROJECT_VERSION = 1;
				DEVELOPMENT_ASSET_PATHS = "\"war-challenge/Preview Content\"";
				DEVELOPMENT_TEAM = 92QXYYH59X;
				ENABLE_PREVIEWS = YES;
				GENERATE_INFOPLIST_FILE = YES;
				INFOPLIST_KEY_UIApplicationSceneManifest_Generation = YES;
				INFOPLIST_KEY_UIApplicationSupportsIndirectInputEvents = YES;
				INFOPLIST_KEY_UILaunchScreen_Generation = YES;
				INFOPLIST_KEY_UISupportedInterfaceOrientations_iPad = "UIInterfaceOrientationPortrait UIInterfaceOrientationPortraitUpsideDown UIInterfaceOrientationLandscapeLeft UIInterfaceOrientationLandscapeRight";
				INFOPLIST_KEY_UISupportedInterfaceOrientations_iPhone = "UIInterfaceOrientationPortrait UIInterfaceOrientationLandscapeLeft UIInterfaceOrientationLandscapeRight";
				LD_RUNPATH_SEARCH_PATHS = (
					"$(inherited)",
					"@executable_path/Frameworks",
				);
				MARKETING_VERSION = 1.0;
				PRODUCT_BUNDLE_IDENTIFIER = "msetnik.war-challenge";
				PRODUCT_NAME = "$(TARGET_NAME)";
				SWIFT_EMIT_LOC_STRINGS = YES;
				SWIFT_VERSION = 5.0;
				TARGETED_DEVICE_FAMILY = "1,2";
			};
			name = Debug;
		};
		3CE76C9C283CC6F500DA3743 /* Release */ = {
			isa = XCBuildConfiguration;
			buildSettings = {
				ASSETCATALOG_COMPILER_APPICON_NAME = AppIcon;
				ASSETCATALOG_COMPILER_GLOBAL_ACCENT_COLOR_NAME = AccentColor;
				CODE_SIGN_STYLE = Automatic;
				CURRENT_PROJECT_VERSION = 1;
				DEVELOPMENT_ASSET_PATHS = "\"war-challenge/Preview Content\"";
				DEVELOPMENT_TEAM = 92QXYYH59X;
				ENABLE_PREVIEWS = YES;
				GENERATE_INFOPLIST_FILE = YES;
				INFOPLIST_KEY_UIApplicationSceneManifest_Generation = YES;
				INFOPLIST_KEY_UIApplicationSupportsIndirectInputEvents = YES;
				INFOPLIST_KEY_UILaunchScreen_Generation = YES;
				INFOPLIST_KEY_UISupportedInterfaceOrientations_iPad = "UIInterfaceOrientationPortrait UIInterfaceOrientationPortraitUpsideDown UIInterfaceOrientationLandscapeLeft UIInterfaceOrientationLandscapeRight";
				INFOPLIST_KEY_UISupportedInterfaceOrientations_iPhone = "UIInterfaceOrientationPortrait UIInterfaceOrientationLandscapeLeft UIInterfaceOrientationLandscapeRight";
				LD_RUNPATH_SEARCH_PATHS = (
					"$(inherited)",
					"@executable_path/Frameworks",
				);
				MARKETING_VERSION = 1.0;
				PRODUCT_BUNDLE_IDENTIFIER = "msetnik.war-challenge";
				PRODUCT_NAME = "$(TARGET_NAME)";
				SWIFT_EMIT_LOC_STRINGS = YES;
				SWIFT_VERSION = 5.0;
				TARGETED_DEVICE_FAMILY = "1,2";
			};
			name = Release;
		};
		3CE76C9E283CC6F500DA3743 /* Debug */ = {
			isa = XCBuildConfiguration;
			buildSettings = {
				ALWAYS_EMBED_SWIFT_STANDARD_LIBRARIES = YES;
				BUNDLE_LOADER = "$(TEST_HOST)";
				CODE_SIGN_STYLE = Automatic;
				CURRENT_PROJECT_VERSION = 1;
				DEVELOPMENT_TEAM = 92QXYYH59X;
				GENERATE_INFOPLIST_FILE = YES;
				IPHONEOS_DEPLOYMENT_TARGET = 15.4;
				MARKETING_VERSION = 1.0;
				PRODUCT_BUNDLE_IDENTIFIER = "msetnik.war-challengeTests";
				PRODUCT_NAME = "$(TARGET_NAME)";
				SWIFT_EMIT_LOC_STRINGS = NO;
				SWIFT_VERSION = 5.0;
				TARGETED_DEVICE_FAMILY = "1,2";
				TEST_HOST = "$(BUILT_PRODUCTS_DIR)/war-challenge.app/war-challenge";
			};
			name = Debug;
		};
		3CE76C9F283CC6F500DA3743 /* Release */ = {
			isa = XCBuildConfiguration;
			buildSettings = {
				ALWAYS_EMBED_SWIFT_STANDARD_LIBRARIES = YES;
				BUNDLE_LOADER = "$(TEST_HOST)";
				CODE_SIGN_STYLE = Automatic;
				CURRENT_PROJECT_VERSION = 1;
				DEVELOPMENT_TEAM = 92QXYYH59X;
				GENERATE_INFOPLIST_FILE = YES;
				IPHONEOS_DEPLOYMENT_TARGET = 15.4;
				MARKETING_VERSION = 1.0;
				PRODUCT_BUNDLE_IDENTIFIER = "msetnik.war-challengeTests";
				PRODUCT_NAME = "$(TARGET_NAME)";
				SWIFT_EMIT_LOC_STRINGS = NO;
				SWIFT_VERSION = 5.0;
				TARGETED_DEVICE_FAMILY = "1,2";
				TEST_HOST = "$(BUILT_PRODUCTS_DIR)/war-challenge.app/war-challenge";
			};
			name = Release;
		};
		3CE76CA1283CC6F500DA3743 /* Debug */ = {
			isa = XCBuildConfiguration;
			buildSettings = {
				ALWAYS_EMBED_SWIFT_STANDARD_LIBRARIES = YES;
				CODE_SIGN_STYLE = Automatic;
				CURRENT_PROJECT_VERSION = 1;
				DEVELOPMENT_TEAM = 92QXYYH59X;
				GENERATE_INFOPLIST_FILE = YES;
				MARKETING_VERSION = 1.0;
				PRODUCT_BUNDLE_IDENTIFIER = "msetnik.war-challengeUITests";
				PRODUCT_NAME = "$(TARGET_NAME)";
				SWIFT_EMIT_LOC_STRINGS = NO;
				SWIFT_VERSION = 5.0;
				TARGETED_DEVICE_FAMILY = "1,2";
				TEST_TARGET_NAME = "war-challenge";
			};
			name = Debug;
		};
		3CE76CA2283CC6F500DA3743 /* Release */ = {
			isa = XCBuildConfiguration;
			buildSettings = {
				ALWAYS_EMBED_SWIFT_STANDARD_LIBRARIES = YES;
				CODE_SIGN_STYLE = Automatic;
				CURRENT_PROJECT_VERSION = 1;
				DEVELOPMENT_TEAM = 92QXYYH59X;
				GENERATE_INFOPLIST_FILE = YES;
				MARKETING_VERSION = 1.0;
				PRODUCT_BUNDLE_IDENTIFIER = "msetnik.war-challengeUITests";
				PRODUCT_NAME = "$(TARGET_NAME)";
				SWIFT_EMIT_LOC_STRINGS = NO;
				SWIFT_VERSION = 5.0;
				TARGETED_DEVICE_FAMILY = "1,2";
				TEST_TARGET_NAME = "war-challenge";
			};
			name = Release;
		};
/* End XCBuildConfiguration section */

/* Begin XCConfigurationList section */
		3CE76C71283CC6F400DA3743 /* Build configuration list for PBXProject "war-challenge" */ = {
			isa = XCConfigurationList;
			buildConfigurations = (
				3CE76C98283CC6F500DA3743 /* Debug */,
				3CE76C99283CC6F500DA3743 /* Release */,
			);
			defaultConfigurationIsVisible = 0;
			defaultConfigurationName = Release;
		};
		3CE76C9A283CC6F500DA3743 /* Build configuration list for PBXNativeTarget "war-challenge" */ = {
			isa = XCConfigurationList;
			buildConfigurations = (
				3CE76C9B283CC6F500DA3743 /* Debug */,
				3CE76C9C283CC6F500DA3743 /* Release */,
			);
			defaultConfigurationIsVisible = 0;
			defaultConfigurationName = Release;
		};
		3CE76C9D283CC6F500DA3743 /* Build configuration list for PBXNativeTarget "war-challengeTests" */ = {
			isa = XCConfigurationList;
			buildConfigurations = (
				3CE76C9E283CC6F500DA3743 /* Debug */,
				3CE76C9F283CC6F500DA3743 /* Release */,
			);
			defaultConfigurationIsVisible = 0;
			defaultConfigurationName = Release;
		};
		3CE76CA0283CC6F500DA3743 /* Build configuration list for PBXNativeTarget "war-challengeUITests" */ = {
			isa = XCConfigurationList;
			buildConfigurations = (
				3CE76CA1283CC6F500DA3743 /* Debug */,
				3CE76CA2283CC6F500DA3743 /* Release */,
			);
			defaultConfigurationIsVisible = 0;
			defaultConfigurationName = Release;
		};
/* End XCConfigurationList section */
	};
	rootObject = 3CE76C6E283CC6F400DA3743 /* Project object */;
}
